{
  "name": "adhd-mode",
  "version": "0.1.0",
  "lockfileVersion": 3,
  "requires": true,
  "packages": {
    "": {
      "name": "adhd-mode",
      "version": "0.1.0",
      "license": "MIT",
      "bin": {
        "adhd-mode": "bin/adhd-mode.mjs"
      },
      "engines": {
        "node": ">=20"
      }
    }
  }
}
